
Microsoft Visual Studio Solution File, Format Version 12.00
# Visual Studio Version 16
VisualStudioVersion = 16.0.30523.141
MinimumVisualStudioVersion = 10.0.40219.1
Project("{9A19103F-16F7-4668-BE54-9A1E7A4F7556}") = "ProgramEntrance", "ProgramEntrance\ProgramEntrance.csproj", "{A5DF2F73-533B-43FF-B9DD-99FF4B76778B}"
EndProject
Project("{2150E333-8FDC-42A3-9474-1A3956D46DE8}") = "PlatFrameworkAssemblies", "PlatFrameworkAssemblies", "{FADA5A2D-989D-4667-9AB4-FCE732AEB7AA}"
EndProject
Project("{9A19103F-16F7-4668-BE54-9A1E7A4F7556}") = "BaseFrameworkLibrary", "PlatFrameworkAssemblies\BaseFrameworkLibrary\BaseFrameworkLibrary.csproj", "{C8489218-D9C2-46DC-AD4E-00851DBDEF87}"
EndProject
Project("{9A19103F-16F7-4668-BE54-9A1E7A4F7556}") = "RunTimeLogger", "PlatFrameworkAssemblies\RunTimeLogger\RunTimeLogger.csproj", "{7A493B8C-6859-4C98-A8F8-E20F3A20753C}"
EndProject
Project("{9A19103F-16F7-4668-BE54-9A1E7A4F7556}") = "RunningMonitor", "PlatFrameworkAssemblies\RunningMonitor\RunningMonitor.csproj", "{268D9D23-310D-4D87-A629-FF16C8C419FE}"
EndProject
Project("{9A19103F-16F7-4668-BE54-9A1E7A4F7556}") = "LoadingFormDll", "LoadingFormDll\LoadingFormDll.csproj", "{5FBF04D5-5573-466A-84A0-3281D5025FC9}"
EndProject
Project("{9A19103F-16F7-4668-BE54-9A1E7A4F7556}") = "Editor", "Editor\Editor.csproj", "{009DBE15-E9DB-4B17-AC7B-F0EE5E2DAB34}"
EndProject
Global
	GlobalSection(SolutionConfigurationPlatforms) = preSolution
		Debug|Any CPU = Debug|Any CPU
		Debug|ARM = Debug|ARM
		Debug|ARM64 = Debug|ARM64
		Debug|x64 = Debug|x64
		Debug|x86 = Debug|x86
		Release|Any CPU = Release|Any CPU
		Release|ARM = Release|ARM
		Release|ARM64 = Release|ARM64
		Release|x64 = Release|x64
		Release|x86 = Release|x86
	EndGlobalSection
	GlobalSection(ProjectConfigurationPlatforms) = postSolution
		{A5DF2F73-533B-43FF-B9DD-99FF4B76778B}.Debug|Any CPU.ActiveCfg = Debug|Any CPU
		{A5DF2F73-533B-43FF-B9DD-99FF4B76778B}.Debug|Any CPU.Build.0 = Debug|Any CPU
		{A5DF2F73-533B-43FF-B9DD-99FF4B76778B}.Debug|ARM.ActiveCfg = Debug|Any CPU
		{A5DF2F73-533B-43FF-B9DD-99FF4B76778B}.Debug|ARM.Build.0 = Debug|Any CPU
		{A5DF2F73-533B-43FF-B9DD-99FF4B76778B}.Debug|ARM64.ActiveCfg = Debug|Any CPU
		{A5DF2F73-533B-43FF-B9DD-99FF4B76778B}.Debug|ARM64.Build.0 = Debug|Any CPU
		{A5DF2F73-533B-43FF-B9DD-99FF4B76778B}.Debug|x64.ActiveCfg = Debug|x64
		{A5DF2F73-533B-43FF-B9DD-99FF4B76778B}.Debug|x64.Build.0 = Debug|x64
		{A5DF2F73-533B-43FF-B9DD-99FF4B76778B}.Debug|x86.ActiveCfg = Debug|Any CPU
		{A5DF2F73-533B-43FF-B9DD-99FF4B76778B}.Debug|x86.Build.0 = Debug|Any CPU
		{A5DF2F73-533B-43FF-B9DD-99FF4B76778B}.Release|Any CPU.ActiveCfg = Release|Any CPU
		{A5DF2F73-533B-43FF-B9DD-99FF4B76778B}.Release|Any CPU.Build.0 = Release|Any CPU
		{A5DF2F73-533B-43FF-B9DD-99FF4B76778B}.Release|ARM.ActiveCfg = Release|Any CPU
		{A5DF2F73-533B-43FF-B9DD-99FF4B76778B}.Release|ARM.Build.0 = Release|Any CPU
		{A5DF2F73-533B-43FF-B9DD-99FF4B76778B}.Release|ARM64.ActiveCfg = Release|Any CPU
		{A5DF2F73-533B-43FF-B9DD-99FF4B76778B}.Release|ARM64.Build.0 = Release|Any CPU
		{A5DF2F73-533B-43FF-B9DD-99FF4B76778B}.Release|x64.ActiveCfg = Release|Any CPU
		{A5DF2F73-533B-43FF-B9DD-99FF4B76778B}.Release|x64.Build.0 = Release|Any CPU
		{A5DF2F73-533B-43FF-B9DD-99FF4B76778B}.Release|x86.ActiveCfg = Release|Any CPU
		{A5DF2F73-533B-43FF-B9DD-99FF4B76778B}.Release|x86.Build.0 = Release|Any CPU
		{C8489218-D9C2-46DC-AD4E-00851DBDEF87}.Debug|Any CPU.ActiveCfg = Debug|Any CPU
		{C8489218-D9C2-46DC-AD4E-00851DBDEF87}.Debug|Any CPU.Build.0 = Debug|Any CPU
		{C8489218-D9C2-46DC-AD4E-00851DBDEF87}.Debug|ARM.ActiveCfg = Debug|Any CPU
		{C8489218-D9C2-46DC-AD4E-00851DBDEF87}.Debug|ARM.Build.0 = Debug|Any CPU
		{C8489218-D9C2-46DC-AD4E-00851DBDEF87}.Debug|ARM64.ActiveCfg = Debug|Any CPU
		{C8489218-D9C2-46DC-AD4E-00851DBDEF87}.Debug|ARM64.Build.0 = Debug|Any CPU
		{C8489218-D9C2-46DC-AD4E-00851DBDEF87}.Debug|x64.ActiveCfg = Debug|x64
		{C8489218-D9C2-46DC-AD4E-00851DBDEF87}.Debug|x64.Build.0 = Debug|x64
		{C8489218-D9C2-46DC-AD4E-00851DBDEF87}.Debug|x86.ActiveCfg = Debug|x86
		{C8489218-D9C2-46DC-AD4E-00851DBDEF87}.Debug|x86.Build.0 = Debug|x86
		{C8489218-D9C2-46DC-AD4E-00851DBDEF87}.Release|Any CPU.ActiveCfg = Release|Any CPU
		{C8489218-D9C2-46DC-AD4E-00851DBDEF87}.Release|Any CPU.Build.0 = Release|Any CPU
		{C8489218-D9C2-46DC-AD4E-00851DBDEF87}.Release|ARM.ActiveCfg = Release|Any CPU
		{C8489218-D9C2-46DC-AD4E-00851DBDEF87}.Release|ARM.Build.0 = Release|Any CPU
		{C8489218-D9C2-46DC-AD4E-00851DBDEF87}.Release|ARM64.ActiveCfg = Release|Any CPU
		{C8489218-D9C2-46DC-AD4E-00851DBDEF87}.Release|ARM64.Build.0 = Release|Any CPU
		{C8489218-D9C2-46DC-AD4E-00851DBDEF87}.Release|x64.ActiveCfg = Release|x64
		{C8489218-D9C2-46DC-AD4E-00851DBDEF87}.Release|x64.Build.0 = Release|x64
		{C8489218-D9C2-46DC-AD4E-00851DBDEF87}.Release|x86.ActiveCfg = Release|x86
		{C8489218-D9C2-46DC-AD4E-00851DBDEF87}.Release|x86.Build.0 = Release|x86
		{7A493B8C-6859-4C98-A8F8-E20F3A20753C}.Debug|Any CPU.ActiveCfg = Debug|Any CPU
		{7A493B8C-6859-4C98-A8F8-E20F3A20753C}.Debug|Any CPU.Build.0 = Debug|Any CPU
		{7A493B8C-6859-4C98-A8F8-E20F3A20753C}.Debug|ARM.ActiveCfg = Debug|Any CPU
		{7A493B8C-6859-4C98-A8F8-E20F3A20753C}.Debug|ARM.Build.0 = Debug|Any CPU
		{7A493B8C-6859-4C98-A8F8-E20F3A20753C}.Debug|ARM64.ActiveCfg = Debug|Any CPU
		{7A493B8C-6859-4C98-A8F8-E20F3A20753C}.Debug|ARM64.Build.0 = Debug|Any CPU
		{7A493B8C-6859-4C98-A8F8-E20F3A20753C}.Debug|x64.ActiveCfg = Debug|Any CPU
		{7A493B8C-6859-4C98-A8F8-E20F3A20753C}.Debug|x64.Build.0 = Debug|Any CPU
		{7A493B8C-6859-4C98-A8F8-E20F3A20753C}.Debug|x86.ActiveCfg = Debug|Any CPU
		{7A493B8C-6859-4C98-A8F8-E20F3A20753C}.Debug|x86.Build.0 = Debug|Any CPU
		{7A493B8C-6859-4C98-A8F8-E20F3A20753C}.Release|Any CPU.ActiveCfg = Release|Any CPU
		{7A493B8C-6859-4C98-A8F8-E20F3A20753C}.Release|Any CPU.Build.0 = Release|Any CPU
		{7A493B8C-6859-4C98-A8F8-E20F3A20753C}.Release|ARM.ActiveCfg = Release|Any CPU
		{7A493B8C-6859-4C98-A8F8-E20F3A20753C}.Release|ARM.Build.0 = Release|Any CPU
		{7A493B8C-6859-4C98-A8F8-E20F3A20753C}.Release|ARM64.ActiveCfg = Release|Any CPU
		{7A493B8C-6859-4C98-A8F8-E20F3A20753C}.Release|ARM64.Build.0 = Release|Any CPU
		{7A493B8C-6859-4C98-A8F8-E20F3A20753C}.Release|x64.ActiveCfg = Release|Any CPU
		{7A493B8C-6859-4C98-A8F8-E20F3A20753C}.Release|x64.Build.0 = Release|Any CPU
		{7A493B8C-6859-4C98-A8F8-E20F3A20753C}.Release|x86.ActiveCfg = Release|Any CPU
		{7A493B8C-6859-4C98-A8F8-E20F3A20753C}.Release|x86.Build.0 = Release|Any CPU
		{268D9D23-310D-4D87-A629-FF16C8C419FE}.Debug|Any CPU.ActiveCfg = Debug|Any CPU
		{268D9D23-310D-4D87-A629-FF16C8C419FE}.Debug|Any CPU.Build.0 = Debug|Any CPU
		{268D9D23-310D-4D87-A629-FF16C8C419FE}.Debug|ARM.ActiveCfg = Debug|Any CPU
		{268D9D23-310D-4D87-A629-FF16C8C419FE}.Debug|ARM.Build.0 = Debug|Any CPU
		{268D9D23-310D-4D87-A629-FF16C8C419FE}.Debug|ARM64.ActiveCfg = Debug|Any CPU
		{268D9D23-310D-4D87-A629-FF16C8C419FE}.Debug|ARM64.Build.0 = Debug|Any CPU
		{268D9D23-310D-4D87-A629-FF16C8C419FE}.Debug|x64.ActiveCfg = Debug|Any CPU
		{268D9D23-310D-4D87-A629-FF16C8C419FE}.Debug|x64.Build.0 = Debug|Any CPU
		{268D9D23-310D-4D87-A629-FF16C8C419FE}.Debug|x86.ActiveCfg = Debug|Any CPU
		{268D9D23-310D-4D87-A629-FF16C8C419FE}.Debug|x86.Build.0 = Debug|Any CPU
		{268D9D23-310D-4D87-A629-FF16C8C419FE}.Release|Any CPU.ActiveCfg = Release|Any CPU
		{268D9D23-310D-4D87-A629-FF16C8C419FE}.Release|Any CPU.Build.0 = Release|Any CPU
		{268D9D23-310D-4D87-A629-FF16C8C419FE}.Release|ARM.ActiveCfg = Release|Any CPU
		{268D9D23-310D-4D87-A629-FF16C8C419FE}.Release|ARM.Build.0 = Release|Any CPU
		{268D9D23-310D-4D87-A629-FF16C8C419FE}.Release|ARM64.ActiveCfg = Release|Any CPU
		{268D9D23-310D-4D87-A629-FF16C8C419FE}.Release|ARM64.Build.0 = Release|Any CPU
		{268D9D23-310D-4D87-A629-FF16C8C419FE}.Release|x64.ActiveCfg = Release|Any CPU
		{268D9D23-310D-4D87-A629-FF16C8C419FE}.Release|x64.Build.0 = Release|Any CPU
		{268D9D23-310D-4D87-A629-FF16C8C419FE}.Release|x86.ActiveCfg = Release|Any CPU
		{268D9D23-310D-4D87-A629-FF16C8C419FE}.Release|x86.Build.0 = Release|Any CPU
		{5FBF04D5-5573-466A-84A0-3281D5025FC9}.Debug|Any CPU.ActiveCfg = Debug|Any CPU
		{5FBF04D5-5573-466A-84A0-3281D5025FC9}.Debug|Any CPU.Build.0 = Debug|Any CPU
		{5FBF04D5-5573-466A-84A0-3281D5025FC9}.Debug|ARM.ActiveCfg = Debug|Any CPU
		{5FBF04D5-5573-466A-84A0-3281D5025FC9}.Debug|ARM.Build.0 = Debug|Any CPU
		{5FBF04D5-5573-466A-84A0-3281D5025FC9}.Debug|ARM64.ActiveCfg = Debug|Any CPU
		{5FBF04D5-5573-466A-84A0-3281D5025FC9}.Debug|ARM64.Build.0 = Debug|Any CPU
		{5FBF04D5-5573-466A-84A0-3281D5025FC9}.Debug|x64.ActiveCfg = Debug|Any CPU
		{5FBF04D5-5573-466A-84A0-3281D5025FC9}.Debug|x64.Build.0 = Debug|Any CPU
		{5FBF04D5-5573-466A-84A0-3281D5025FC9}.Debug|x86.ActiveCfg = Debug|Any CPU
		{5FBF04D5-5573-466A-84A0-3281D5025FC9}.Debug|x86.Build.0 = Debug|Any CPU
		{5FBF04D5-5573-466A-84A0-3281D5025FC9}.Release|Any CPU.ActiveCfg = Release|Any CPU
		{5FBF04D5-5573-466A-84A0-3281D5025FC9}.Release|Any CPU.Build.0 = Release|Any CPU
		{5FBF04D5-5573-466A-84A0-3281D5025FC9}.Release|ARM.ActiveCfg = Release|Any CPU
		{5FBF04D5-5573-466A-84A0-3281D5025FC9}.Release|ARM.Build.0 = Release|Any CPU
		{5FBF04D5-5573-466A-84A0-3281D5025FC9}.Release|ARM64.ActiveCfg = Release|Any CPU
		{5FBF04D5-5573-466A-84A0-3281D5025FC9}.Release|ARM64.Build.0 = Release|Any CPU
		{5FBF04D5-5573-466A-84A0-3281D5025FC9}.Release|x64.ActiveCfg = Release|Any CPU
		{5FBF04D5-5573-466A-84A0-3281D5025FC9}.Release|x64.Build.0 = Release|Any CPU
		{5FBF04D5-5573-466A-84A0-3281D5025FC9}.Release|x86.ActiveCfg = Release|Any CPU
		{5FBF04D5-5573-466A-84A0-3281D5025FC9}.Release|x86.Build.0 = Release|Any CPU
		{009DBE15-E9DB-4B17-AC7B-F0EE5E2DAB34}.Debug|Any CPU.ActiveCfg = Debug|Any CPU
		{009DBE15-E9DB-4B17-AC7B-F0EE5E2DAB34}.Debug|Any CPU.Build.0 = Debug|Any CPU
		{009DBE15-E9DB-4B17-AC7B-F0EE5E2DAB34}.Debug|ARM.ActiveCfg = Debug|Any CPU
		{009DBE15-E9DB-4B17-AC7B-F0EE5E2DAB34}.Debug|ARM.Build.0 = Debug|Any CPU
		{009DBE15-E9DB-4B17-AC7B-F0EE5E2DAB34}.Debug|ARM64.ActiveCfg = Debug|Any CPU
		{009DBE15-E9DB-4B17-AC7B-F0EE5E2DAB34}.Debug|ARM64.Build.0 = Debug|Any CPU
		{009DBE15-E9DB-4B17-AC7B-F0EE5E2DAB34}.Debug|x64.ActiveCfg = Debug|Any CPU
		{009DBE15-E9DB-4B17-AC7B-F0EE5E2DAB34}.Debug|x64.Build.0 = Debug|Any CPU
		{009DBE15-E9DB-4B17-AC7B-F0EE5E2DAB34}.Debug|x86.ActiveCfg = Debug|Any CPU
		{009DBE15-E9DB-4B17-AC7B-F0EE5E2DAB34}.Debug|x86.Build.0 = Debug|Any CPU
		{009DBE15-E9DB-4B17-AC7B-F0EE5E2DAB34}.Release|Any CPU.ActiveCfg = Release|Any CPU
		{009DBE15-E9DB-4B17-AC7B-F0EE5E2DAB34}.Release|Any CPU.Build.0 = Release|Any CPU
		{009DBE15-E9DB-4B17-AC7B-F0EE5E2DAB34}.Release|ARM.ActiveCfg = Release|Any CPU
		{009DBE15-E9DB-4B17-AC7B-F0EE5E2DAB34}.Release|ARM.Build.0 = Release|Any CPU
		{009DBE15-E9DB-4B17-AC7B-F0EE5E2DAB34}.Release|ARM64.ActiveCfg = Release|Any CPU
		{009DBE15-E9DB-4B17-AC7B-F0EE5E2DAB34}.Release|ARM64.Build.0 = Release|Any CPU
		{009DBE15-E9DB-4B17-AC7B-F0EE5E2DAB34}.Release|x64.ActiveCfg = Release|Any CPU
		{009DBE15-E9DB-4B17-AC7B-F0EE5E2DAB34}.Release|x64.Build.0 = Release|Any CPU
		{009DBE15-E9DB-4B17-AC7B-F0EE5E2DAB34}.Release|x86.ActiveCfg = Release|Any CPU
		{009DBE15-E9DB-4B17-AC7B-F0EE5E2DAB34}.Release|x86.Build.0 = Release|Any CPU
	EndGlobalSection
	GlobalSection(SolutionProperties) = preSolution
		HideSolutionNode = FALSE
	EndGlobalSection
	GlobalSection(NestedProjects) = preSolution
		{C8489218-D9C2-46DC-AD4E-00851DBDEF87} = {FADA5A2D-989D-4667-9AB4-FCE732AEB7AA}
		{7A493B8C-6859-4C98-A8F8-E20F3A20753C} = {FADA5A2D-989D-4667-9AB4-FCE732AEB7AA}
		{268D9D23-310D-4D87-A629-FF16C8C419FE} = {FADA5A2D-989D-4667-9AB4-FCE732AEB7AA}
	EndGlobalSection
	GlobalSection(ExtensibilityGlobals) = postSolution
		SolutionGuid = {AD808CF0-3020-4645-84BD-F0B4F154FB2B}
	EndGlobalSection
EndGlobal
